
Microsoft Visual Studio Solution File, Format Version 12.00
# Visual Studio 15
Project("{FAE04EC0-301F-11D3-BF4B-00C04F79EFBC}") = "Consumed", "Assembly-CSharp.csproj", "{F49FCD42-A11F-92C3-5E26-9DB64E41637C}"
EndProject
Project("{FAE04EC0-301F-11D3-BF4B-00C04F79EFBC}") = "Consumed", "Assembly-CSharp-Editor.csproj", "{BFE9F345-0F63-40BC-75DA-A09FD227EAD5}"
EndProject
Global
	GlobalSection(SolutionConfigurationPlatforms) = preSolution
		Debug|Any CPU = Debug|Any CPU
		Release|Any CPU = Release|Any CPU
	EndGlobalSection
	GlobalSection(ProjectConfigurationPlatforms) = postSolution
		{F49FCD42-A11F-92C3-5E26-9DB64E41637C}.Debug|Any CPU.ActiveCfg = Debug|Any CPU
		{F49FCD42-A11F-92C3-5E26-9DB64E41637C}.Debug|Any CPU.Build.0 = Debug|Any CPU
		{F49FCD42-A11F-92C3-5E26-9DB64E41637C}.Release|Any CPU.ActiveCfg = Release|Any CPU
		{F49FCD42-A11F-92C3-5E26-9DB64E41637C}.Release|Any CPU.Build.0 = Release|Any CPU
		{BFE9F345-0F63-40BC-75DA-A09FD227EAD5}.Debug|Any CPU.ActiveCfg = Debug|Any CPU
		{BFE9F345-0F63-40BC-75DA-A09FD227EAD5}.Debug|Any CPU.Build.0 = Debug|Any CPU
		{BFE9F345-0F63-40BC-75DA-A09FD227EAD5}.Release|Any CPU.ActiveCfg = Release|Any CPU
		{BFE9F345-0F63-40BC-75DA-A09FD227EAD5}.Release|Any CPU.Build.0 = Release|Any CPU
	EndGlobalSection
	GlobalSection(SolutionProperties) = preSolution
		HideSolutionNode = FALSE
	EndGlobalSection
EndGlobal
